
Microsoft Visual Studio Solution File, Format Version 12.00
# Visual Studio Version 17
VisualStudioVersion = 17.5.002.0
MinimumVisualStudioVersion = 10.0.40219.1
Project("{9A19103F-16F7-4668-BE54-9A1E7A4F7556}") = "IT481M2", "IT481M2.csproj", "{7906689E-8340-450B-B020-277FAB069326}"
EndProject
Global
	GlobalSection(SolutionConfigurationPlatforms) = preSolution
		Debug|Any CPU = Debug|Any CPU
		Release|Any CPU = Release|Any CPU
	EndGlobalSection
	GlobalSection(ProjectConfigurationPlatforms) = postSolution
		{7906689E-8340-450B-B020-277FAB069326}.Debug|Any CPU.ActiveCfg = Debug|Any CPU
		{7906689E-8340-450B-B020-277FAB069326}.Debug|Any CPU.Build.0 = Debug|Any CPU
		{7906689E-8340-450B-B020-277FAB069326}.Release|Any CPU.ActiveCfg = Release|Any CPU
		{7906689E-8340-450B-B020-277FAB069326}.Release|Any CPU.Build.0 = Release|Any CPU
	EndGlobalSection
	GlobalSection(SolutionProperties) = preSolution
		HideSolutionNode = FALSE
	EndGlobalSection
	GlobalSection(ExtensibilityGlobals) = postSolution
		SolutionGuid = {3D4964F9-2484-4333-835B-BCF667BDE7C2}
	EndGlobalSection
EndGlobal
